
Microsoft Visual Studio Solution File, Format Version 12.00
# Visual Studio 15
VisualStudioVersion = 15.0.26730.16
MinimumVisualStudioVersion = 10.0.40219.1
Project("{FAE04EC0-301F-11D3-BF4B-00C04F79EFBC}") = "Vidly", "Vidly\Vidly.csproj", "{FA8ADD7B-071A-480B-9551-91F425BBD447}"
EndProject
Project("{FAE04EC0-301F-11D3-BF4B-00C04F79EFBC}") = "Vidly.Tests", "Vidly.Tests\Vidly.Tests.csproj", "{D7445DA6-9660-45E6-840A-67501F06566B}"
EndProject
Global
	GlobalSection(SolutionConfigurationPlatforms) = preSolution
		Debug|Any CPU = Debug|Any CPU
		Release|Any CPU = Release|Any CPU
	EndGlobalSection
	GlobalSection(ProjectConfigurationPlatforms) = postSolution
		{FA8ADD7B-071A-480B-9551-91F425BBD447}.Debug|Any CPU.ActiveCfg = Debug|Any CPU
		{FA8ADD7B-071A-480B-9551-91F425BBD447}.Debug|Any CPU.Build.0 = Debug|Any CPU
		{FA8ADD7B-071A-480B-9551-91F425BBD447}.Release|Any CPU.ActiveCfg = Release|Any CPU
		{FA8ADD7B-071A-480B-9551-91F425BBD447}.Release|Any CPU.Build.0 = Release|Any CPU
		{D7445DA6-9660-45E6-840A-67501F06566B}.Debug|Any CPU.ActiveCfg = Debug|Any CPU
		{D7445DA6-9660-45E6-840A-67501F06566B}.Debug|Any CPU.Build.0 = Debug|Any CPU
		{D7445DA6-9660-45E6-840A-67501F06566B}.Release|Any CPU.ActiveCfg = Release|Any CPU
		{D7445DA6-9660-45E6-840A-67501F06566B}.Release|Any CPU.Build.0 = Release|Any CPU
	EndGlobalSection
	GlobalSection(SolutionProperties) = preSolution
		HideSolutionNode = FALSE
	EndGlobalSection
	GlobalSection(ExtensibilityGlobals) = postSolution
		SolutionGuid = {3DE1BDD8-3096-4EE3-A3F5-862A9B195584}
	EndGlobalSection
EndGlobal
